
Microsoft Visual Studio Solution File, Format Version 12.00
# Visual Studio Version 17
VisualStudioVersion = 17.14.37516.0 d17.14
MinimumVisualStudioVersion = 10.0.40219.1
Project("{FAE04EC0-301F-11D3-BF4B-00C04F79EFBC}") = "DttThucHanhBuoi2-17082026", "DttThucHanhBuoi2-17082026.csproj", "{10B78DE2-8DC6-48D9-A5B0-4133E83D0FB6}"
EndProject
Global
	GlobalSection(SolutionConfigurationPlatforms) = preSolution
		Debug|Any CPU = Debug|Any CPU
		Release|Any CPU = Release|Any CPU
	EndGlobalSection
	GlobalSection(ProjectConfigurationPlatforms) = postSolution
		{10B78DE2-8DC6-48D9-A5B0-4133E83D0FB6}.Debug|Any CPU.ActiveCfg = Debug|Any CPU
		{10B78DE2-8DC6-48D9-A5B0-4133E83D0FB6}.Debug|Any CPU.Build.0 = Debug|Any CPU
		{10B78DE2-8DC6-48D9-A5B0-4133E83D0FB6}.Release|Any CPU.ActiveCfg = Release|Any CPU
		{10B78DE2-8DC6-48D9-A5B0-4133E83D0FB6}.Release|Any CPU.Build.0 = Release|Any CPU
	EndGlobalSection
	GlobalSection(SolutionProperties) = preSolution
		HideSolutionNode = FALSE
	EndGlobalSection
	GlobalSection(ExtensibilityGlobals) = postSolution
		SolutionGuid = {F5AE1234-7831-43AB-9965-721B4E20759C}
	EndGlobalSection
EndGlobal
