
Microsoft Visual Studio Solution File, Format Version 12.00
# Visual Studio Version 17
VisualStudioVersion = 17.14.37516.0 d17.14
MinimumVisualStudioVersion = 10.0.40219.1
Project("{FAE04EC0-301F-11D3-BF4B-00C04F79EFBC}") = "DttThucHanhBuoi3-21082026", "DttThucHanhBuoi3-21082026.csproj", "{F512EEB6-69D1-4BA9-BD45-1A5402E76F9A}"
EndProject
Global
	GlobalSection(SolutionConfigurationPlatforms) = preSolution
		Debug|Any CPU = Debug|Any CPU
		Release|Any CPU = Release|Any CPU
	EndGlobalSection
	GlobalSection(ProjectConfigurationPlatforms) = postSolution
		{F512EEB6-69D1-4BA9-BD45-1A5402E76F9A}.Debug|Any CPU.ActiveCfg = Debug|Any CPU
		{F512EEB6-69D1-4BA9-BD45-1A5402E76F9A}.Debug|Any CPU.Build.0 = Debug|Any CPU
		{F512EEB6-69D1-4BA9-BD45-1A5402E76F9A}.Release|Any CPU.ActiveCfg = Release|Any CPU
		{F512EEB6-69D1-4BA9-BD45-1A5402E76F9A}.Release|Any CPU.Build.0 = Release|Any CPU
	EndGlobalSection
	GlobalSection(SolutionProperties) = preSolution
		HideSolutionNode = FALSE
	EndGlobalSection
	GlobalSection(ExtensibilityGlobals) = postSolution
		SolutionGuid = {F186B321-3E55-4279-B975-061803C05AE3}
	EndGlobalSection
EndGlobal
